
Microsoft Visual Studio Solution File, Format Version 12.00
# Visual Studio Version 17
VisualStudioVersion = 17.9.34728.123
MinimumVisualStudioVersion = 10.0.40219.1
Project("{FAE04EC0-301F-11D3-BF4B-00C04F79EFBC}") = "Lab5", "Lab5\Lab5.csproj", "{91C6CC93-D52D-478D-BC24-AED5F0A1A084}"
EndProject
Global
	GlobalSection(SolutionConfigurationPlatforms) = preSolution
		Debug|Any CPU = Debug|Any CPU
		Release|Any CPU = Release|Any CPU
	EndGlobalSection
	GlobalSection(ProjectConfigurationPlatforms) = postSolution
		{91C6CC93-D52D-478D-BC24-AED5F0A1A084}.Debug|Any CPU.ActiveCfg = Debug|Any CPU
		{91C6CC93-D52D-478D-BC24-AED5F0A1A084}.Debug|Any CPU.Build.0 = Debug|Any CPU
		{91C6CC93-D52D-478D-BC24-AED5F0A1A084}.Release|Any CPU.ActiveCfg = Release|Any CPU
		{91C6CC93-D52D-478D-BC24-AED5F0A1A084}.Release|Any CPU.Build.0 = Release|Any CPU
	EndGlobalSection
	GlobalSection(SolutionProperties) = preSolution
		HideSolutionNode = FALSE
	EndGlobalSection
	GlobalSection(ExtensibilityGlobals) = postSolution
		SolutionGuid = {EF0078A0-FE58-4FA7-9BBA-94CF398E370C}
	EndGlobalSection
EndGlobal
