
Microsoft Visual Studio Solution File, Format Version 12.00
Project("{FAE04EC0-301F-11D3-BF4B-00C04F79EFBC}") = "Lab3", "Lab3\Lab3.csproj", "{BBA4B799-91B7-48C8-87BE-6FEB3CF31068}"
EndProject
Global
	GlobalSection(SolutionConfigurationPlatforms) = preSolution
		Debug|Any CPU = Debug|Any CPU
		Release|Any CPU = Release|Any CPU
	EndGlobalSection
	GlobalSection(ProjectConfigurationPlatforms) = postSolution
		{BBA4B799-91B7-48C8-87BE-6FEB3CF31068}.Debug|Any CPU.ActiveCfg = Debug|Any CPU
		{BBA4B799-91B7-48C8-87BE-6FEB3CF31068}.Debug|Any CPU.Build.0 = Debug|Any CPU
		{BBA4B799-91B7-48C8-87BE-6FEB3CF31068}.Release|Any CPU.ActiveCfg = Release|Any CPU
		{BBA4B799-91B7-48C8-87BE-6FEB3CF31068}.Release|Any CPU.Build.0 = Release|Any CPU
	EndGlobalSection
EndGlobal
